# This file is automatically @generated by Cargo.
# It is not intended for manual editing.
version = 4

[[package]]
name = "trnm-token-crypto-provider"
version = "0.1.0"

[[package]]
name = "trnm-token-jwt-adapter"
version = "0.1.0"

[[package]]
name = "trnm-token-jwt-provider-adapter"
version = "0.1.0"
dependencies = [
 "trnm-token-crypto-provider",
 "trnm-token-jwt-adapter",
]
